
Microsoft Visual Studio Solution File, Format Version 12.00
Project("{FAE04EC0-301F-11D3-BF4B-00C04F79EFBC}") = "AnimalsDbConnection", "AnimalsDbConnection\AnimalsDbConnection.csproj", "{498BCB6B-E879-423F-BF3D-C70C8E79F2AB}"
EndProject
Global
	GlobalSection(SolutionConfigurationPlatforms) = preSolution
		Debug|Any CPU = Debug|Any CPU
		Release|Any CPU = Release|Any CPU
	EndGlobalSection
	GlobalSection(ProjectConfigurationPlatforms) = postSolution
		{498BCB6B-E879-423F-BF3D-C70C8E79F2AB}.Debug|Any CPU.ActiveCfg = Debug|Any CPU
		{498BCB6B-E879-423F-BF3D-C70C8E79F2AB}.Debug|Any CPU.Build.0 = Debug|Any CPU
		{498BCB6B-E879-423F-BF3D-C70C8E79F2AB}.Release|Any CPU.ActiveCfg = Release|Any CPU
		{498BCB6B-E879-423F-BF3D-C70C8E79F2AB}.Release|Any CPU.Build.0 = Release|Any CPU
	EndGlobalSection
EndGlobal
